{
  "name": "atel08",
  "lockfileVersion": 3,
  "requires": true,
  "packages": {
    "": {
      "dependencies": {
        "@types/luxon": "^2.3.1",
        "luxon": "^2.5.2"
      }
    },
    "node_modules/@types/luxon": {
      "version": "2.3.1",
      "resolved": "https://registry.npmjs.org/@types/luxon/-/luxon-2.3.1.tgz",
      "integrity": "sha512-nAPUltOT28fal2eDZz8yyzNhBjHw1NEymFBP7Q9iCShqpflWPybxHbD7pw/46jQmT+HXOy1QN5hNTms8MOTlOQ==",
      "license": "MIT"
    },
    "node_modules/luxon": {
      "version": "2.5.2",
      "resolved": "https://registry.npmjs.org/luxon/-/luxon-2.5.2.tgz",
      "integrity": "sha512-Yg7/RDp4nedqmLgyH0LwgGRvMEKVzKbUdkBYyCosbHgJ+kaOUx0qzSiSatVc3DFygnirTPYnMM2P5dg2uH1WvA==",
      "license": "MIT",
      "engines": {
        "node": ">=12"
      }
    }
  }
}
